
Microsoft Visual Studio Solution File, Format Version 12.00
# Visual Studio Version 17
VisualStudioVersion = 17.2.32516.85
MinimumVisualStudioVersion = 10.0.40219.1
Project("{FAE04EC0-301F-11D3-BF4B-00C04F79EFBC}") = "MemberTracking", "MemberTracking\MemberTracking.csproj", "{2C8EFA48-125E-49EF-AAC6-2CF3E599254B}"
EndProject
Global
	GlobalSection(SolutionConfigurationPlatforms) = preSolution
		Debug|Any CPU = Debug|Any CPU
		Release|Any CPU = Release|Any CPU
	EndGlobalSection
	GlobalSection(ProjectConfigurationPlatforms) = postSolution
		{2C8EFA48-125E-49EF-AAC6-2CF3E599254B}.Debug|Any CPU.ActiveCfg = Debug|Any CPU
		{2C8EFA48-125E-49EF-AAC6-2CF3E599254B}.Debug|Any CPU.Build.0 = Debug|Any CPU
		{2C8EFA48-125E-49EF-AAC6-2CF3E599254B}.Release|Any CPU.ActiveCfg = Release|Any CPU
		{2C8EFA48-125E-49EF-AAC6-2CF3E599254B}.Release|Any CPU.Build.0 = Release|Any CPU
	EndGlobalSection
	GlobalSection(SolutionProperties) = preSolution
		HideSolutionNode = FALSE
	EndGlobalSection
	GlobalSection(ExtensibilityGlobals) = postSolution
		SolutionGuid = {339A9179-4544-4510-8C35-1D0F49F2CD5E}
	EndGlobalSection
EndGlobal
